
Microsoft Visual Studio Solution File, Format Version 12.00
# Visual Studio Version 17
VisualStudioVersion = 17.14.36121.58
MinimumVisualStudioVersion = 10.0.40219.1
Project("{FAE04EC0-301F-11D3-BF4B-00C04F79EFBC}") = "CharityNet.Domain", "CharityNet.Domain\CharityNet.Domain.csproj", "{3E06DD90-2BB9-4618-A3EA-AF0D65B924E5}"
EndProject
Project("{FAE04EC0-301F-11D3-BF4B-00C04F79EFBC}") = "CharityNet.Infrastructure", "CharityNet.Infrastructure\CharityNet.Infrastructure.csproj", "{6DA94867-A955-401D-A6B5-1AFA2BED992B}"
EndProject
Project("{FAE04EC0-301F-11D3-BF4B-00C04F79EFBC}") = "CharityNet.UI", "CharityNet.UI\CharityNet.UI.csproj", "{E333CDBB-3FE2-4176-8718-10E1B86EAD03}"
EndProject
Global
	GlobalSection(SolutionConfigurationPlatforms) = preSolution
		Debug|Any CPU = Debug|Any CPU
		Release|Any CPU = Release|Any CPU
	EndGlobalSection
	GlobalSection(ProjectConfigurationPlatforms) = postSolution
		{3E06DD90-2BB9-4618-A3EA-AF0D65B924E5}.Debug|Any CPU.ActiveCfg = Debug|Any CPU
		{3E06DD90-2BB9-4618-A3EA-AF0D65B924E5}.Debug|Any CPU.Build.0 = Debug|Any CPU
		{3E06DD90-2BB9-4618-A3EA-AF0D65B924E5}.Release|Any CPU.ActiveCfg = Release|Any CPU
		{3E06DD90-2BB9-4618-A3EA-AF0D65B924E5}.Release|Any CPU.Build.0 = Release|Any CPU
		{6DA94867-A955-401D-A6B5-1AFA2BED992B}.Debug|Any CPU.ActiveCfg = Debug|Any CPU
		{6DA94867-A955-401D-A6B5-1AFA2BED992B}.Debug|Any CPU.Build.0 = Debug|Any CPU
		{6DA94867-A955-401D-A6B5-1AFA2BED992B}.Release|Any CPU.ActiveCfg = Release|Any CPU
		{6DA94867-A955-401D-A6B5-1AFA2BED992B}.Release|Any CPU.Build.0 = Release|Any CPU
		{E333CDBB-3FE2-4176-8718-10E1B86EAD03}.Debug|Any CPU.ActiveCfg = Debug|Any CPU
		{E333CDBB-3FE2-4176-8718-10E1B86EAD03}.Debug|Any CPU.Build.0 = Debug|Any CPU
		{E333CDBB-3FE2-4176-8718-10E1B86EAD03}.Release|Any CPU.ActiveCfg = Release|Any CPU
		{E333CDBB-3FE2-4176-8718-10E1B86EAD03}.Release|Any CPU.Build.0 = Release|Any CPU
	EndGlobalSection
	GlobalSection(SolutionProperties) = preSolution
		HideSolutionNode = FALSE
	EndGlobalSection
	GlobalSection(ExtensibilityGlobals) = postSolution
		SolutionGuid = {BE3FC5D0-B10C-4C94-A674-766568F973DB}
	EndGlobalSection
EndGlobal
